
Microsoft Visual Studio Solution File, Format Version 12.00
# Visual Studio Version 16
VisualStudioVersion = 16.0.29215.179
MinimumVisualStudioVersion = 10.0.40219.1
Project("{2150E333-8FDC-42A3-9474-1A3956D46DE8}") = "API", "API", "{28B746C0-48BD-4F8A-BCF6-E9266F56169C}"
EndProject
Project("{2150E333-8FDC-42A3-9474-1A3956D46DE8}") = "Common", "Common", "{AA3EFB7D-2B5E-48EC-9304-81C64EE3A46A}"
EndProject
Project("{9A19103F-16F7-4668-BE54-9A1E7A4F7556}") = "IPLookup.API.Host", "API\Core\IPLookup.API.Host\IPLookup.API.Host.csproj", "{C5BF5EFD-0D2E-4B6E-A610-95BED5E93D9E}"
EndProject
Project("{9A19103F-16F7-4668-BE54-9A1E7A4F7556}") = "Common", "Common\Common.csproj", "{122F656D-CFFA-4506-8172-B2BAFDC7D018}"
EndProject
Project("{9A19103F-16F7-4668-BE54-9A1E7A4F7556}") = "IPLookup.API.Services", "API\IPLookup.API.Services\IPLookup.API.Services.csproj", "{FD585403-4CCD-41F3-A663-CBEE1E0E50AB}"
EndProject
Project("{9A19103F-16F7-4668-BE54-9A1E7A4F7556}") = "IPLookup.API.InMemoryDataBase", "API\IPLookup.API.InMemoryDataBase\IPLookup.API.InMemoryDataBase.csproj", "{DB4F5CE4-BA72-4AC9-BFBD-81FF316DEF84}"
EndProject
Project("{2150E333-8FDC-42A3-9474-1A3956D46DE8}") = "tests", "tests", "{82BB8DDA-6B89-495B-B11D-19ABC5EFB149}"
EndProject
Project("{2150E333-8FDC-42A3-9474-1A3956D46DE8}") = "Core", "Core", "{A5FBF931-7665-4A74-8B31-C3145D0C4C2F}"
EndProject
Project("{FAE04EC0-301F-11D3-BF4B-00C04F79EFBC}") = "IPLookup.API.InMemoryDataBase.Test", "API\IPLookup.API.InMemoryDataBase.Test\IPLookup.API.InMemoryDataBase.Test.csproj", "{29858DF8-2665-45B0-ACBA-FBEC24968F20}"
EndProject
Project("{FAE04EC0-301F-11D3-BF4B-00C04F79EFBC}") = "IPLookup.API.Services.Tests", "API\IPLookup.API.Services.Tests\IPLookup.API.Services.Tests.csproj", "{2B42C1EC-794B-40C9-A530-90003C1EC88A}"
EndProject
Project("{9A19103F-16F7-4668-BE54-9A1E7A4F7556}") = "IPLookup.API.Host.Tests", "API\Core\IPLookup.API.Host.Tests\IPLookup.API.Host.Tests\IPLookup.API.Host.Tests.csproj", "{115D99CB-104D-4890-8F71-1AC0E3836A4A}"
EndProject
Project("{9A19103F-16F7-4668-BE54-9A1E7A4F7556}") = "IPLookup.API.Host.Lambda", "API\Core\IPLookup.API.Host.Lambda\IPLookup.API.Host.Lambda.csproj", "{EFFCD760-06CA-4BFD-95A0-3F5CA3B6394B}"
EndProject
Project("{9A19103F-16F7-4668-BE54-9A1E7A4F7556}") = "IPLookup.API.Host.Lambda.Tests", "API\Core\IPLookup.API.Host.Lambda.Tests\IPLookup.API.Host.Lambda.Tests.csproj", "{AF5E3C5F-6386-4104-98E0-DA9412B7B44C}"
EndProject
Global
	GlobalSection(SolutionConfigurationPlatforms) = preSolution
		Debug|Any CPU = Debug|Any CPU
		Release|Any CPU = Release|Any CPU
	EndGlobalSection
	GlobalSection(ProjectConfigurationPlatforms) = postSolution
		{C5BF5EFD-0D2E-4B6E-A610-95BED5E93D9E}.Debug|Any CPU.ActiveCfg = Debug|Any CPU
		{C5BF5EFD-0D2E-4B6E-A610-95BED5E93D9E}.Debug|Any CPU.Build.0 = Debug|Any CPU
		{C5BF5EFD-0D2E-4B6E-A610-95BED5E93D9E}.Release|Any CPU.ActiveCfg = Release|Any CPU
		{C5BF5EFD-0D2E-4B6E-A610-95BED5E93D9E}.Release|Any CPU.Build.0 = Release|Any CPU
		{122F656D-CFFA-4506-8172-B2BAFDC7D018}.Debug|Any CPU.ActiveCfg = Debug|Any CPU
		{122F656D-CFFA-4506-8172-B2BAFDC7D018}.Debug|Any CPU.Build.0 = Debug|Any CPU
		{122F656D-CFFA-4506-8172-B2BAFDC7D018}.Release|Any CPU.ActiveCfg = Release|Any CPU
		{122F656D-CFFA-4506-8172-B2BAFDC7D018}.Release|Any CPU.Build.0 = Release|Any CPU
		{FD585403-4CCD-41F3-A663-CBEE1E0E50AB}.Debug|Any CPU.ActiveCfg = Debug|Any CPU
		{FD585403-4CCD-41F3-A663-CBEE1E0E50AB}.Debug|Any CPU.Build.0 = Debug|Any CPU
		{FD585403-4CCD-41F3-A663-CBEE1E0E50AB}.Release|Any CPU.ActiveCfg = Release|Any CPU
		{FD585403-4CCD-41F3-A663-CBEE1E0E50AB}.Release|Any CPU.Build.0 = Release|Any CPU
		{DB4F5CE4-BA72-4AC9-BFBD-81FF316DEF84}.Debug|Any CPU.ActiveCfg = Debug|Any CPU
		{DB4F5CE4-BA72-4AC9-BFBD-81FF316DEF84}.Debug|Any CPU.Build.0 = Debug|Any CPU
		{DB4F5CE4-BA72-4AC9-BFBD-81FF316DEF84}.Release|Any CPU.ActiveCfg = Release|Any CPU
		{DB4F5CE4-BA72-4AC9-BFBD-81FF316DEF84}.Release|Any CPU.Build.0 = Release|Any CPU
		{29858DF8-2665-45B0-ACBA-FBEC24968F20}.Debug|Any CPU.ActiveCfg = Debug|Any CPU
		{29858DF8-2665-45B0-ACBA-FBEC24968F20}.Debug|Any CPU.Build.0 = Debug|Any CPU
		{29858DF8-2665-45B0-ACBA-FBEC24968F20}.Release|Any CPU.ActiveCfg = Release|Any CPU
		{29858DF8-2665-45B0-ACBA-FBEC24968F20}.Release|Any CPU.Build.0 = Release|Any CPU
		{2B42C1EC-794B-40C9-A530-90003C1EC88A}.Debug|Any CPU.ActiveCfg = Debug|Any CPU
		{2B42C1EC-794B-40C9-A530-90003C1EC88A}.Debug|Any CPU.Build.0 = Debug|Any CPU
		{2B42C1EC-794B-40C9-A530-90003C1EC88A}.Release|Any CPU.ActiveCfg = Release|Any CPU
		{2B42C1EC-794B-40C9-A530-90003C1EC88A}.Release|Any CPU.Build.0 = Release|Any CPU
		{115D99CB-104D-4890-8F71-1AC0E3836A4A}.Debug|Any CPU.ActiveCfg = Debug|Any CPU
		{115D99CB-104D-4890-8F71-1AC0E3836A4A}.Debug|Any CPU.Build.0 = Debug|Any CPU
		{115D99CB-104D-4890-8F71-1AC0E3836A4A}.Release|Any CPU.ActiveCfg = Release|Any CPU
		{115D99CB-104D-4890-8F71-1AC0E3836A4A}.Release|Any CPU.Build.0 = Release|Any CPU
		{EFFCD760-06CA-4BFD-95A0-3F5CA3B6394B}.Debug|Any CPU.ActiveCfg = Debug|Any CPU
		{EFFCD760-06CA-4BFD-95A0-3F5CA3B6394B}.Debug|Any CPU.Build.0 = Debug|Any CPU
		{EFFCD760-06CA-4BFD-95A0-3F5CA3B6394B}.Release|Any CPU.ActiveCfg = Release|Any CPU
		{EFFCD760-06CA-4BFD-95A0-3F5CA3B6394B}.Release|Any CPU.Build.0 = Release|Any CPU
		{AF5E3C5F-6386-4104-98E0-DA9412B7B44C}.Debug|Any CPU.ActiveCfg = Debug|Any CPU
		{AF5E3C5F-6386-4104-98E0-DA9412B7B44C}.Debug|Any CPU.Build.0 = Debug|Any CPU
		{AF5E3C5F-6386-4104-98E0-DA9412B7B44C}.Release|Any CPU.ActiveCfg = Release|Any CPU
		{AF5E3C5F-6386-4104-98E0-DA9412B7B44C}.Release|Any CPU.Build.0 = Release|Any CPU
	EndGlobalSection
	GlobalSection(SolutionProperties) = preSolution
		HideSolutionNode = FALSE
	EndGlobalSection
	GlobalSection(NestedProjects) = preSolution
		{C5BF5EFD-0D2E-4B6E-A610-95BED5E93D9E} = {28B746C0-48BD-4F8A-BCF6-E9266F56169C}
		{122F656D-CFFA-4506-8172-B2BAFDC7D018} = {AA3EFB7D-2B5E-48EC-9304-81C64EE3A46A}
		{FD585403-4CCD-41F3-A663-CBEE1E0E50AB} = {28B746C0-48BD-4F8A-BCF6-E9266F56169C}
		{DB4F5CE4-BA72-4AC9-BFBD-81FF316DEF84} = {28B746C0-48BD-4F8A-BCF6-E9266F56169C}
		{82BB8DDA-6B89-495B-B11D-19ABC5EFB149} = {28B746C0-48BD-4F8A-BCF6-E9266F56169C}
		{A5FBF931-7665-4A74-8B31-C3145D0C4C2F} = {82BB8DDA-6B89-495B-B11D-19ABC5EFB149}
		{29858DF8-2665-45B0-ACBA-FBEC24968F20} = {82BB8DDA-6B89-495B-B11D-19ABC5EFB149}
		{2B42C1EC-794B-40C9-A530-90003C1EC88A} = {82BB8DDA-6B89-495B-B11D-19ABC5EFB149}
		{115D99CB-104D-4890-8F71-1AC0E3836A4A} = {A5FBF931-7665-4A74-8B31-C3145D0C4C2F}
		{EFFCD760-06CA-4BFD-95A0-3F5CA3B6394B} = {28B746C0-48BD-4F8A-BCF6-E9266F56169C}
		{AF5E3C5F-6386-4104-98E0-DA9412B7B44C} = {A5FBF931-7665-4A74-8B31-C3145D0C4C2F}
	EndGlobalSection
	GlobalSection(ExtensibilityGlobals) = postSolution
		SolutionGuid = {0B6C1715-752B-4B7C-B44F-90CBAE86ADE8}
	EndGlobalSection
EndGlobal
