
Microsoft Visual Studio Solution File, Format Version 12.00
# Visual Studio Version 16
VisualStudioVersion = 16.0.29215.179
MinimumVisualStudioVersion = 10.0.40219.1
Project("{2150E333-8FDC-42A3-9474-1A3956D46DE8}") = "SpaWeb", "SpaWeb", "{7ACB555B-1A78-41CF-8A49-B6B09502F413}"
EndProject
Project("{2150E333-8FDC-42A3-9474-1A3956D46DE8}") = "API", "API", "{704F01C8-6BE7-4A87-8AC9-193A6B94960B}"
EndProject
Project("{FAE04EC0-301F-11D3-BF4B-00C04F79EFBC}") = "IPLookup.API.Host.Tests", "API\IPLookup.API.Host.Tests\IPLookup.API.Host.Tests.csproj", "{932A0E97-A1C6-470A-B902-CC5F0D1D4F05}"
EndProject
Project("{2150E333-8FDC-42A3-9474-1A3956D46DE8}") = "tests", "tests", "{CEBC4E74-F57B-4CBF-9EA9-A670D20D0DC9}"
EndProject
Project("{9A19103F-16F7-4668-BE54-9A1E7A4F7556}") = "IPLookup.API.Services", "API\IPLookup.API.Services\IPLookup.API.Services.csproj", "{10E52E7E-A7E0-4510-8776-CEEC7FB8653F}"
EndProject
Project("{9A19103F-16F7-4668-BE54-9A1E7A4F7556}") = "IPLookup.API.InMemoryDataBase", "API\IPLookup.API.InMemoryDataBase\IPLookup.API.InMemoryDataBase.csproj", "{C9ED7708-2362-4900-A040-F92D98BF688D}"
EndProject
Project("{FAE04EC0-301F-11D3-BF4B-00C04F79EFBC}") = "IPLookup.API.Host", "API\IPLookup.API.Host\IPLookup.API.Host.csproj", "{F6F067AE-2311-41C9-A56E-E8FA84D28ED0}"
EndProject
Project("{FAE04EC0-301F-11D3-BF4B-00C04F79EFBC}") = "GeoInformationSPA", "SPAWeb\GeoInformationSPA\GeoInformationSPA.csproj", "{F4FE21AA-821C-462C-910F-405B14362FF5}"
EndProject
Project("{FAE04EC0-301F-11D3-BF4B-00C04F79EFBC}") = "IPLookup.API.InMemoryDataBase.Test", "API\IPLookup.API.InMemoryDataBase.Test\IPLookup.API.InMemoryDataBase.Test.csproj", "{29858DF8-2665-45B0-ACBA-FBEC24968F20}"
EndProject
Project("{2150E333-8FDC-42A3-9474-1A3956D46DE8}") = "Common", "Common", "{FE79BF47-0B61-42C5-B245-589F1AE1B68B}"
EndProject
Project("{9A19103F-16F7-4668-BE54-9A1E7A4F7556}") = "Common", "Common\Common.csproj", "{86A42CF3-B27E-4496-A772-4E01CBA88DB3}"
EndProject
Global
	GlobalSection(SolutionConfigurationPlatforms) = preSolution
		Debug|Any CPU = Debug|Any CPU
		Release|Any CPU = Release|Any CPU
	EndGlobalSection
	GlobalSection(ProjectConfigurationPlatforms) = postSolution
		{932A0E97-A1C6-470A-B902-CC5F0D1D4F05}.Debug|Any CPU.ActiveCfg = Debug|Any CPU
		{932A0E97-A1C6-470A-B902-CC5F0D1D4F05}.Debug|Any CPU.Build.0 = Debug|Any CPU
		{932A0E97-A1C6-470A-B902-CC5F0D1D4F05}.Release|Any CPU.ActiveCfg = Release|Any CPU
		{932A0E97-A1C6-470A-B902-CC5F0D1D4F05}.Release|Any CPU.Build.0 = Release|Any CPU
		{10E52E7E-A7E0-4510-8776-CEEC7FB8653F}.Debug|Any CPU.ActiveCfg = Debug|Any CPU
		{10E52E7E-A7E0-4510-8776-CEEC7FB8653F}.Debug|Any CPU.Build.0 = Debug|Any CPU
		{10E52E7E-A7E0-4510-8776-CEEC7FB8653F}.Release|Any CPU.ActiveCfg = Release|Any CPU
		{10E52E7E-A7E0-4510-8776-CEEC7FB8653F}.Release|Any CPU.Build.0 = Release|Any CPU
		{C9ED7708-2362-4900-A040-F92D98BF688D}.Debug|Any CPU.ActiveCfg = Debug|Any CPU
		{C9ED7708-2362-4900-A040-F92D98BF688D}.Debug|Any CPU.Build.0 = Debug|Any CPU
		{C9ED7708-2362-4900-A040-F92D98BF688D}.Release|Any CPU.ActiveCfg = Release|Any CPU
		{C9ED7708-2362-4900-A040-F92D98BF688D}.Release|Any CPU.Build.0 = Release|Any CPU
		{F6F067AE-2311-41C9-A56E-E8FA84D28ED0}.Debug|Any CPU.ActiveCfg = Debug|Any CPU
		{F6F067AE-2311-41C9-A56E-E8FA84D28ED0}.Debug|Any CPU.Build.0 = Debug|Any CPU
		{F6F067AE-2311-41C9-A56E-E8FA84D28ED0}.Release|Any CPU.ActiveCfg = Release|Any CPU
		{F6F067AE-2311-41C9-A56E-E8FA84D28ED0}.Release|Any CPU.Build.0 = Release|Any CPU
		{F4FE21AA-821C-462C-910F-405B14362FF5}.Debug|Any CPU.ActiveCfg = Debug|Any CPU
		{F4FE21AA-821C-462C-910F-405B14362FF5}.Debug|Any CPU.Build.0 = Debug|Any CPU
		{F4FE21AA-821C-462C-910F-405B14362FF5}.Release|Any CPU.ActiveCfg = Release|Any CPU
		{F4FE21AA-821C-462C-910F-405B14362FF5}.Release|Any CPU.Build.0 = Release|Any CPU
		{29858DF8-2665-45B0-ACBA-FBEC24968F20}.Debug|Any CPU.ActiveCfg = Debug|Any CPU
		{29858DF8-2665-45B0-ACBA-FBEC24968F20}.Debug|Any CPU.Build.0 = Debug|Any CPU
		{29858DF8-2665-45B0-ACBA-FBEC24968F20}.Release|Any CPU.ActiveCfg = Release|Any CPU
		{29858DF8-2665-45B0-ACBA-FBEC24968F20}.Release|Any CPU.Build.0 = Release|Any CPU
		{86A42CF3-B27E-4496-A772-4E01CBA88DB3}.Debug|Any CPU.ActiveCfg = Debug|Any CPU
		{86A42CF3-B27E-4496-A772-4E01CBA88DB3}.Debug|Any CPU.Build.0 = Debug|Any CPU
		{86A42CF3-B27E-4496-A772-4E01CBA88DB3}.Release|Any CPU.ActiveCfg = Release|Any CPU
		{86A42CF3-B27E-4496-A772-4E01CBA88DB3}.Release|Any CPU.Build.0 = Release|Any CPU
	EndGlobalSection
	GlobalSection(SolutionProperties) = preSolution
		HideSolutionNode = FALSE
	EndGlobalSection
	GlobalSection(NestedProjects) = preSolution
		{932A0E97-A1C6-470A-B902-CC5F0D1D4F05} = {CEBC4E74-F57B-4CBF-9EA9-A670D20D0DC9}
		{CEBC4E74-F57B-4CBF-9EA9-A670D20D0DC9} = {704F01C8-6BE7-4A87-8AC9-193A6B94960B}
		{10E52E7E-A7E0-4510-8776-CEEC7FB8653F} = {704F01C8-6BE7-4A87-8AC9-193A6B94960B}
		{C9ED7708-2362-4900-A040-F92D98BF688D} = {704F01C8-6BE7-4A87-8AC9-193A6B94960B}
		{F6F067AE-2311-41C9-A56E-E8FA84D28ED0} = {704F01C8-6BE7-4A87-8AC9-193A6B94960B}
		{F4FE21AA-821C-462C-910F-405B14362FF5} = {7ACB555B-1A78-41CF-8A49-B6B09502F413}
		{29858DF8-2665-45B0-ACBA-FBEC24968F20} = {CEBC4E74-F57B-4CBF-9EA9-A670D20D0DC9}
		{86A42CF3-B27E-4496-A772-4E01CBA88DB3} = {FE79BF47-0B61-42C5-B245-589F1AE1B68B}
	EndGlobalSection
	GlobalSection(ExtensibilityGlobals) = postSolution
		SolutionGuid = {F98AC11A-4CF2-46EC-959A-7B64933122F3}
	EndGlobalSection
EndGlobal
